// !$*UTF8*$!
{
	archiveVersion = 1;
	classes = {
	};
	objectVersion = 50;
	objects = {

/* Begin PBXBuildFile section */
		DD2A820E21F4EFE90040D2BD /* EpsonExpressionXP.m in Sources */ = {isa = PBXBuildFile; fileRef = DD2A820D21F4EFE90040D2BD /* EpsonExpressionXP.m */; };
		DD2A821121F4F1F40040D2BD /* CompaqIJ.m in Sources */ = {isa = PBXBuildFile; fileRef = DD2A821021F4F1F40040D2BD /* CompaqIJ.m */; };
		DD2A827621F775800040D2BD /* QualityEnhancerDevice.m in Sources */ = {isa = PBXBuildFile; fileRef = DD2A827521F775800040D2BD /* QualityEnhancerDevice.m */; };
		DD4D114821F26A9F0041C183 /* AppDelegate.m in Sources */ = {isa = PBXBuildFile; fileRef = DD4D114721F26A9F0041C183 /* AppDelegate.m */; };
		DD4D114B21F26A9F0041C183 /* ViewController.m in Sources */ = {isa = PBXBuildFile; fileRef = DD4D114A21F26A9F0041C183 /* ViewController.m */; };
		DD4D114E21F26A9F0041C183 /* Main.storyboard in Resources */ = {isa = PBXBuildFile; fileRef = DD4D114C21F26A9F0041C183 /* Main.storyboard */; };
		DD4D115021F26AA10041C183 /* Assets.xcassets in Resources */ = {isa = PBXBuildFile; fileRef = DD4D114F21F26AA10041C183 /* Assets.xcassets */; };
		DD4D115321F26AA10041C183 /* LaunchScreen.storyboard in Resources */ = {isa = PBXBuildFile; fileRef = DD4D115121F26AA10041C183 /* LaunchScreen.storyboard */; };
		DD4D115621F26AA10041C183 /* main.m in Sources */ = {isa = PBXBuildFile; fileRef = DD4D115521F26AA10041C183 /* main.m */; };
		DD4D115E21F26B330041C183 /* Printer.m in Sources */ = {isa = PBXBuildFile; fileRef = DD4D115D21F26B330041C183 /* Printer.m */; };
		DD4D116421F274490041C183 /* HPpageWidePro.m in Sources */ = {isa = PBXBuildFile; fileRef = DD4D116321F274490041C183 /* HPpageWidePro.m */; };
		DD4D116721F274700041C183 /* CanonPixma.m in Sources */ = {isa = PBXBuildFile; fileRef = DD4D116621F2746F0041C183 /* CanonPixma.m */; };
		DD4D116A21F28BB30041C183 /* CurrencyConverter.m in Sources */ = {isa = PBXBuildFile; fileRef = DD4D116921F28BB30041C183 /* CurrencyConverter.m */; };
/* End PBXBuildFile section */

/* Begin PBXFileReference section */
		DD2A820C21F4EFE90040D2BD /* EpsonExpressionXP.h */ = {isa = PBXFileReference; lastKnownFileType = sourcecode.c.h; path = EpsonExpressionXP.h; sourceTree = "<group>"; };
		DD2A820D21F4EFE90040D2BD /* EpsonExpressionXP.m */ = {isa = PBXFileReference; lastKnownFileType = sourcecode.c.objc; path = EpsonExpressionXP.m; sourceTree = "<group>"; };
		DD2A820F21F4F1F40040D2BD /* CompaqIJ.h */ = {isa = PBXFileReference; lastKnownFileType = sourcecode.c.h; path = CompaqIJ.h; sourceTree = "<group>"; };
		DD2A821021F4F1F40040D2BD /* CompaqIJ.m */ = {isa = PBXFileReference; lastKnownFileType = sourcecode.c.objc; path = CompaqIJ.m; sourceTree = "<group>"; };
		DD2A827421F775800040D2BD /* QualityEnhancerDevice.h */ = {isa = PBXFileReference; lastKnownFileType = sourcecode.c.h; path = QualityEnhancerDevice.h; sourceTree = "<group>"; };
		DD2A827521F775800040D2BD /* QualityEnhancerDevice.m */ = {isa = PBXFileReference; lastKnownFileType = sourcecode.c.objc; path = QualityEnhancerDevice.m; sourceTree = "<group>"; };
		DD4D114321F26A9F0041C183 /* PrintSimulator.app */ = {isa = PBXFileReference; explicitFileType = wrapper.application; includeInIndex = 0; path = PrintSimulator.app; sourceTree = BUILT_PRODUCTS_DIR; };
		DD4D114621F26A9F0041C183 /* AppDelegate.h */ = {isa = PBXFileReference; lastKnownFileType = sourcecode.c.h; path = AppDelegate.h; sourceTree = "<group>"; };
		DD4D114721F26A9F0041C183 /* AppDelegate.m */ = {isa = PBXFileReference; lastKnownFileType = sourcecode.c.objc; path = AppDelegate.m; sourceTree = "<group>"; };
		DD4D114921F26A9F0041C183 /* ViewController.h */ = {isa = PBXFileReference; lastKnownFileType = sourcecode.c.h; path = ViewController.h; sourceTree = "<group>"; };
		DD4D114A21F26A9F0041C183 /* ViewController.m */ = {isa = PBXFileReference; lastKnownFileType = sourcecode.c.objc; path = ViewController.m; sourceTree = "<group>"; };
		DD4D114D21F26A9F0041C183 /* Base */ = {isa = PBXFileReference; lastKnownFileType = file.storyboard; name = Base; path = Base.lproj/Main.storyboard; sourceTree = "<group>"; };
		DD4D114F21F26AA10041C183 /* Assets.xcassets */ = {isa = PBXFileReference; lastKnownFileType = folder.assetcatalog; path = Assets.xcassets; sourceTree = "<group>"; };
		DD4D115221F26AA10041C183 /* Base */ = {isa = PBXFileReference; lastKnownFileType = file.storyboard; name = Base; path = Base.lproj/LaunchScreen.storyboard; sourceTree = "<group>"; };
		DD4D115421F26AA10041C183 /* Info.plist */ = {isa = PBXFileReference; lastKnownFileType = text.plist.xml; path = Info.plist; sourceTree = "<group>"; };
		DD4D115521F26AA10041C183 /* main.m */ = {isa = PBXFileReference; lastKnownFileType = sourcecode.c.objc; path = main.m; sourceTree = "<group>"; };
		DD4D115C21F26B330041C183 /* Printer.h */ = {isa = PBXFileReference; lastKnownFileType = sourcecode.c.h; path = Printer.h; sourceTree = "<group>"; };
		DD4D115D21F26B330041C183 /* Printer.m */ = {isa = PBXFileReference; lastKnownFileType = sourcecode.c.objc; path = Printer.m; sourceTree = "<group>"; };
		DD4D116221F274490041C183 /* HPpageWidePro.h */ = {isa = PBXFileReference; lastKnownFileType = sourcecode.c.h; path = HPpageWidePro.h; sourceTree = "<group>"; };
		DD4D116321F274490041C183 /* HPpageWidePro.m */ = {isa = PBXFileReference; lastKnownFileType = sourcecode.c.objc; path = HPpageWidePro.m; sourceTree = "<group>"; };
		DD4D116521F2746F0041C183 /* CanonPixma.h */ = {isa = PBXFileReference; lastKnownFileType = sourcecode.c.h; path = CanonPixma.h; sourceTree = "<group>"; };
		DD4D116621F2746F0041C183 /* CanonPixma.m */ = {isa = PBXFileReference; lastKnownFileType = sourcecode.c.objc; path = CanonPixma.m; sourceTree = "<group>"; };
		DD4D116821F28BB30041C183 /* CurrencyConverter.h */ = {isa = PBXFileReference; lastKnownFileType = sourcecode.c.h; path = CurrencyConverter.h; sourceTree = "<group>"; };
		DD4D116921F28BB30041C183 /* CurrencyConverter.m */ = {isa = PBXFileReference; lastKnownFileType = sourcecode.c.objc; path = CurrencyConverter.m; sourceTree = "<group>"; };
/* End PBXFileReference section */

/* Begin PBXFrameworksBuildPhase section */
		DD4D114021F26A9F0041C183 /* Frameworks */ = {
			isa = PBXFrameworksBuildPhase;
			buildActionMask = 2147483647;
			files = (
			);
			runOnlyForDeploymentPostprocessing = 0;
		};
/* End PBXFrameworksBuildPhase section */

/* Begin PBXGroup section */
		DD4D113A21F26A9F0041C183 = {
			isa = PBXGroup;
			children = (
				DD4D114521F26A9F0041C183 /* PrintSimulator */,
				DD4D114421F26A9F0041C183 /* Products */,
			);
			sourceTree = "<group>";
		};
		DD4D114421F26A9F0041C183 /* Products */ = {
			isa = PBXGroup;
			children = (
				DD4D114321F26A9F0041C183 /* PrintSimulator.app */,
			);
			name = Products;
			sourceTree = "<group>";
		};
		DD4D114521F26A9F0041C183 /* PrintSimulator */ = {
			isa = PBXGroup;
			children = (
				DD4D114621F26A9F0041C183 /* AppDelegate.h */,
				DD4D116521F2746F0041C183 /* CanonPixma.h */,
				DD4D116621F2746F0041C183 /* CanonPixma.m */,
				DD4D114721F26A9F0041C183 /* AppDelegate.m */,
				DD4D114921F26A9F0041C183 /* ViewController.h */,
				DD4D114A21F26A9F0041C183 /* ViewController.m */,
				DD4D114C21F26A9F0041C183 /* Main.storyboard */,
				DD4D114F21F26AA10041C183 /* Assets.xcassets */,
				DD4D115121F26AA10041C183 /* LaunchScreen.storyboard */,
				DD4D115421F26AA10041C183 /* Info.plist */,
				DD4D115521F26AA10041C183 /* main.m */,
				DD4D115C21F26B330041C183 /* Printer.h */,
				DD4D115D21F26B330041C183 /* Printer.m */,
				DD4D116221F274490041C183 /* HPpageWidePro.h */,
				DD4D116321F274490041C183 /* HPpageWidePro.m */,
				DD4D116821F28BB30041C183 /* CurrencyConverter.h */,
				DD4D116921F28BB30041C183 /* CurrencyConverter.m */,
				DD2A820C21F4EFE90040D2BD /* EpsonExpressionXP.h */,
				DD2A820D21F4EFE90040D2BD /* EpsonExpressionXP.m */,
				DD2A820F21F4F1F40040D2BD /* CompaqIJ.h */,
				DD2A821021F4F1F40040D2BD /* CompaqIJ.m */,
				DD2A827421F775800040D2BD /* QualityEnhancerDevice.h */,
				DD2A827521F775800040D2BD /* QualityEnhancerDevice.m */,
			);
			path = PrintSimulator;
			sourceTree = "<group>";
		};
/* End PBXGroup section */

/* Begin PBXNativeTarget section */
		DD4D114221F26A9F0041C183 /* PrintSimulator */ = {
			isa = PBXNativeTarget;
			buildConfigurationList = DD4D115921F26AA10041C183 /* Build configuration list for PBXNativeTarget "PrintSimulator" */;
			buildPhases = (
				DD4D113F21F26A9F0041C183 /* Sources */,
				DD4D114021F26A9F0041C183 /* Frameworks */,
				DD4D114121F26A9F0041C183 /* Resources */,
			);
			buildRules = (
			);
			dependencies = (
			);
			name = PrintSimulator;
			productName = PrintSimulator;
			productReference = DD4D114321F26A9F0041C183 /* PrintSimulator.app */;
			productType = "com.apple.product-type.application";
		};
/* End PBXNativeTarget section */

/* Begin PBXProject section */
		DD4D113B21F26A9F0041C183 /* Project object */ = {
			isa = PBXProject;
			attributes = {
				LastUpgradeCheck = 1010;
				ORGANIZATIONNAME = "Max Friman";
				TargetAttributes = {
					DD4D114221F26A9F0041C183 = {
						CreatedOnToolsVersion = 10.1;
					};
				};
			};
			buildConfigurationList = DD4D113E21F26A9F0041C183 /* Build configuration list for PBXProject "PrintSimulator" */;
			compatibilityVersion = "Xcode 9.3";
			developmentRegion = en;
			hasScannedForEncodings = 0;
			knownRegions = (
				en,
				Base,
			);
			mainGroup = DD4D113A21F26A9F0041C183;
			productRefGroup = DD4D114421F26A9F0041C183 /* Products */;
			projectDirPath = "";
			projectRoot = "";
			targets = (
				DD4D114221F26A9F0041C183 /* PrintSimulator */,
			);
		};
/* End PBXProject section */

/* Begin PBXResourcesBuildPhase section */
		DD4D114121F26A9F0041C183 /* Resources */ = {
			isa = PBXResourcesBuildPhase;
			buildActionMask = 2147483647;
			files = (
				DD4D115321F26AA10041C183 /* LaunchScreen.storyboard in Resources */,
				DD4D115021F26AA10041C183 /* Assets.xcassets in Resources */,
				DD4D114E21F26A9F0041C183 /* Main.storyboard in Resources */,
			);
			runOnlyForDeploymentPostprocessing = 0;
		};
/* End PBXResourcesBuildPhase section */

/* Begin PBXSourcesBuildPhase section */
		DD4D113F21F26A9F0041C183 /* Sources */ = {
			isa = PBXSourcesBuildPhase;
			buildActionMask = 2147483647;
			files = (
				DD4D115E21F26B330041C183 /* Printer.m in Sources */,
				DD4D116A21F28BB30041C183 /* CurrencyConverter.m in Sources */,
				DD4D114B21F26A9F0041C183 /* ViewController.m in Sources */,
				DD2A820E21F4EFE90040D2BD /* EpsonExpressionXP.m in Sources */,
				DD2A821121F4F1F40040D2BD /* CompaqIJ.m in Sources */,
				DD2A827621F775800040D2BD /* QualityEnhancerDevice.m in Sources */,
				DD4D116421F274490041C183 /* HPpageWidePro.m in Sources */,
				DD4D116721F274700041C183 /* CanonPixma.m in Sources */,
				DD4D115621F26AA10041C183 /* main.m in Sources */,
				DD4D114821F26A9F0041C183 /* AppDelegate.m in Sources */,
			);
			runOnlyForDeploymentPostprocessing = 0;
		};
/* End PBXSourcesBuildPhase section */

/* Begin PBXVariantGroup section */
		DD4D114C21F26A9F0041C183 /* Main.storyboard */ = {
			isa = PBXVariantGroup;
			children = (
				DD4D114D21F26A9F0041C183 /* Base */,
			);
			name = Main.storyboard;
			sourceTree = "<group>";
		};
		DD4D115121F26AA10041C183 /* LaunchScreen.storyboard */ = {
			isa = PBXVariantGroup;
			children = (
				DD4D115221F26AA10041C183 /* Base */,
			);
			name = LaunchScreen.storyboard;
			sourceTree = "<group>";
		};
/* End PBXVariantGroup section */

/* Begin XCBuildConfiguration section */
		DD4D115721F26AA10041C183 /* Debug */ = {
			isa = XCBuildConfiguration;
			buildSettings = {
				ALWAYS_SEARCH_USER_PATHS = NO;
				CLANG_ANALYZER_NONNULL = YES;
				CLANG_ANALYZER_NUMBER_OBJECT_CONVERSION = YES_AGGRESSIVE;
				CLANG_CXX_LANGUAGE_STANDARD = "gnu++14";
				CLANG_CXX_LIBRARY = "libc++";
				CLANG_ENABLE_MODULES = YES;
				CLANG_ENABLE_OBJC_ARC = YES;
				CLANG_ENABLE_OBJC_WEAK = YES;
				CLANG_WARN_BLOCK_CAPTURE_AUTORELEASING = YES;
				CLANG_WARN_BOOL_CONVERSION = YES;
				CLANG_WARN_COMMA = YES;
				CLANG_WARN_CONSTANT_CONVERSION = YES;
				CLANG_WARN_DEPRECATED_OBJC_IMPLEMENTATIONS = YES;
				CLANG_WARN_DIRECT_OBJC_ISA_USAGE = YES_ERROR;
				CLANG_WARN_DOCUMENTATION_COMMENTS = YES;
				CLANG_WARN_EMPTY_BODY = YES;
				CLANG_WARN_ENUM_CONVERSION = YES;
				CLANG_WARN_INFINITE_RECURSION = YES;
				CLANG_WARN_INT_CONVERSION = YES;
				CLANG_WARN_NON_LITERAL_NULL_CONVERSION = YES;
				CLANG_WARN_OBJC_IMPLICIT_RETAIN_SELF = YES;
				CLANG_WARN_OBJC_LITERAL_CONVERSION = YES;
				CLANG_WARN_OBJC_ROOT_CLASS = YES_ERROR;
				CLANG_WARN_RANGE_LOOP_ANALYSIS = YES;
				CLANG_WARN_STRICT_PROTOTYPES = YES;
				CLANG_WARN_SUSPICIOUS_MOVE = YES;
				CLANG_WARN_UNGUARDED_AVAILABILITY = YES_AGGRESSIVE;
				CLANG_WARN_UNREACHABLE_CODE = YES;
				CLANG_WARN__DUPLICATE_METHOD_MATCH = YES;
				CODE_SIGN_IDENTITY = "iPhone Developer";
				COPY_PHASE_STRIP = NO;
				DEBUG_INFORMATION_FORMAT = dwarf;
				ENABLE_STRICT_OBJC_MSGSEND = YES;
				ENABLE_TESTABILITY = YES;
				GCC_C_LANGUAGE_STANDARD = gnu11;
				GCC_DYNAMIC_NO_PIC = NO;
				GCC_NO_COMMON_BLOCKS = YES;
				GCC_OPTIMIZATION_LEVEL = 0;
				GCC_PREPROCESSOR_DEFINITIONS = (
					"DEBUG=1",
					"$(inherited)",
				);
				GCC_WARN_64_TO_32_BIT_CONVERSION = YES;
				GCC_WARN_ABOUT_RETURN_TYPE = YES_ERROR;
				GCC_WARN_UNDECLARED_SELECTOR = YES;
				GCC_WARN_UNINITIALIZED_AUTOS = YES_AGGRESSIVE;
				GCC_WARN_UNUSED_FUNCTION = YES;
				GCC_WARN_UNUSED_VARIABLE = YES;
				IPHONEOS_DEPLOYMENT_TARGET = 12.1;
				MTL_ENABLE_DEBUG_INFO = INCLUDE_SOURCE;
				MTL_FAST_MATH = YES;
				ONLY_ACTIVE_ARCH = YES;
				SDKROOT = iphoneos;
			};
			name = Debug;
		};
		DD4D115821F26AA10041C183 /* Release */ = {
			isa = XCBuildConfiguration;
			buildSettings = {
				ALWAYS_SEARCH_USER_PATHS = NO;
				CLANG_ANALYZER_NONNULL = YES;
				CLANG_ANALYZER_NUMBER_OBJECT_CONVERSION = YES_AGGRESSIVE;
				CLANG_CXX_LANGUAGE_STANDARD = "gnu++14";
				CLANG_CXX_LIBRARY = "libc++";
				CLANG_ENABLE_MODULES = YES;
				CLANG_ENABLE_OBJC_ARC = YES;
				CLANG_ENABLE_OBJC_WEAK = YES;
				CLANG_WARN_BLOCK_CAPTURE_AUTORELEASING = YES;
				CLANG_WARN_BOOL_CONVERSION = YES;
				CLANG_WARN_COMMA = YES;
				CLANG_WARN_CONSTANT_CONVERSION = YES;
				CLANG_WARN_DEPRECATED_OBJC_IMPLEMENTATIONS = YES;
				CLANG_WARN_DIRECT_OBJC_ISA_USAGE = YES_ERROR;
				CLANG_WARN_DOCUMENTATION_COMMENTS = YES;
				CLANG_WARN_EMPTY_BODY = YES;
				CLANG_WARN_ENUM_CONVERSION = YES;
				CLANG_WARN_INFINITE_RECURSION = YES;
				CLANG_WARN_INT_CONVERSION = YES;
				CLANG_WARN_NON_LITERAL_NULL_CONVERSION = YES;
				CLANG_WARN_OBJC_IMPLICIT_RETAIN_SELF = YES;
				CLANG_WARN_OBJC_LITERAL_CONVERSION = YES;
				CLANG_WARN_OBJC_ROOT_CLASS = YES_ERROR;
				CLANG_WARN_RANGE_LOOP_ANALYSIS = YES;
				CLANG_WARN_STRICT_PROTOTYPES = YES;
				CLANG_WARN_SUSPICIOUS_MOVE = YES;
				CLANG_WARN_UNGUARDED_AVAILABILITY = YES_AGGRESSIVE;
				CLANG_WARN_UNREACHABLE_CODE = YES;
				CLANG_WARN__DUPLICATE_METHOD_MATCH = YES;
				CODE_SIGN_IDENTITY = "iPhone Developer";
				COPY_PHASE_STRIP = NO;
				DEBUG_INFORMATION_FORMAT = "dwarf-with-dsym";
				ENABLE_NS_ASSERTIONS = NO;
				ENABLE_STRICT_OBJC_MSGSEND = YES;
				GCC_C_LANGUAGE_STANDARD = gnu11;
				GCC_NO_COMMON_BLOCKS = YES;
				GCC_WARN_64_TO_32_BIT_CONVERSION = YES;
				GCC_WARN_ABOUT_RETURN_TYPE = YES_ERROR;
				GCC_WARN_UNDECLARED_SELECTOR = YES;
				GCC_WARN_UNINITIALIZED_AUTOS = YES_AGGRESSIVE;
				GCC_WARN_UNUSED_FUNCTION = YES;
				GCC_WARN_UNUSED_VARIABLE = YES;
				IPHONEOS_DEPLOYMENT_TARGET = 12.1;
				MTL_ENABLE_DEBUG_INFO = NO;
				MTL_FAST_MATH = YES;
				SDKROOT = iphoneos;
				VALIDATE_PRODUCT = YES;
			};
			name = Release;
		};
		DD4D115A21F26AA10041C183 /* Debug */ = {
			isa = XCBuildConfiguration;
			buildSettings = {
				ASSETCATALOG_COMPILER_APPICON_NAME = AppIcon;
				CODE_SIGN_STYLE = Automatic;
				INFOPLIST_FILE = PrintSimulator/Info.plist;
				LD_RUNPATH_SEARCH_PATHS = (
					"$(inherited)",
					"@executable_path/Frameworks",
				);
				PRODUCT_BUNDLE_IDENTIFIER = max.PrintSimulator;
				PRODUCT_NAME = "$(TARGET_NAME)";
				TARGETED_DEVICE_FAMILY = "1,2";
			};
			name = Debug;
		};
		DD4D115B21F26AA10041C183 /* Release */ = {
			isa = XCBuildConfiguration;
			buildSettings = {
				ASSETCATALOG_COMPILER_APPICON_NAME = AppIcon;
				CODE_SIGN_STYLE = Automatic;
				INFOPLIST_FILE = PrintSimulator/Info.plist;
				LD_RUNPATH_SEARCH_PATHS = (
					"$(inherited)",
					"@executable_path/Frameworks",
				);
				PRODUCT_BUNDLE_IDENTIFIER = max.PrintSimulator;
				PRODUCT_NAME = "$(TARGET_NAME)";
				TARGETED_DEVICE_FAMILY = "1,2";
			};
			name = Release;
		};
/* End XCBuildConfiguration section */

/* Begin XCConfigurationList section */
		DD4D113E21F26A9F0041C183 /* Build configuration list for PBXProject "PrintSimulator" */ = {
			isa = XCConfigurationList;
			buildConfigurations = (
				DD4D115721F26AA10041C183 /* Debug */,
				DD4D115821F26AA10041C183 /* Release */,
			);
			defaultConfigurationIsVisible = 0;
			defaultConfigurationName = Release;
		};
		DD4D115921F26AA10041C183 /* Build configuration list for PBXNativeTarget "PrintSimulator" */ = {
			isa = XCConfigurationList;
			buildConfigurations = (
				DD4D115A21F26AA10041C183 /* Debug */,
				DD4D115B21F26AA10041C183 /* Release */,
			);
			defaultConfigurationIsVisible = 0;
			defaultConfigurationName = Release;
		};
/* End XCConfigurationList section */
	};
	rootObject = DD4D113B21F26A9F0041C183 /* Project object */;
}
